// !$*UTF8*$!
{
	archiveVersion = 1;
	classes = {
	};
	objectVersion = 77;
	objects = {

/* Begin PBXContainerItemProxy section */
		AEE361DF2CF9363800B1E4A6 /* PBXContainerItemProxy */ = {
			isa = PBXContainerItemProxy;
			containerPortal = AEE361C02CF9363700B1E4A6 /* Project object */;
			proxyType = 1;
			remoteGlobalIDString = AEE361C72CF9363700B1E4A6;
			remoteInfo = UIKitPlayground;
		};
		AEE361E92CF9363800B1E4A6 /* PBXContainerItemProxy */ = {
			isa = PBXContainerItemProxy;
			containerPortal = AEE361C02CF9363700B1E4A6 /* Project object */;
			proxyType = 1;
			remoteGlobalIDString = AEE361C72CF9363700B1E4A6;
			remoteInfo = UIKitPlayground;
		};
/* End PBXContainerItemProxy section */

/* Begin PBXFileReference section */
		AEE361C82CF9363700B1E4A6 /* UIKitPlayground.app */ = {isa = PBXFileReference; explicitFileType = wrapper.application; includeInIndex = 0; path = UIKitPlayground.app; sourceTree = BUILT_PRODUCTS_DIR; };
		AEE361DE2CF9363800B1E4A6 /* UIKitPlaygroundTests.xctest */ = {isa = PBXFileReference; explicitFileType = wrapper.cfbundle; includeInIndex = 0; path = UIKitPlaygroundTests.xctest; sourceTree = BUILT_PRODUCTS_DIR; };
		AEE361E82CF9363800B1E4A6 /* UIKitPlaygroundUITests.xctest */ = {isa = PBXFileReference; explicitFileType = wrapper.cfbundle; includeInIndex = 0; path = UIKitPlaygroundUITests.xctest; sourceTree = BUILT_PRODUCTS_DIR; };
/* End PBXFileReference section */

/* Begin PBXFileSystemSynchronizedBuildFileExceptionSet section */
		AEE361F02CF9363800B1E4A6 /* Exceptions for "UIKitPlayground" folder in "UIKitPlayground" target */ = {
			isa = PBXFileSystemSynchronizedBuildFileExceptionSet;
			membershipExceptions = (
				Info.plist,
			);
			target = AEE361C72CF9363700B1E4A6 /* UIKitPlayground */;
		};
/* End PBXFileSystemSynchronizedBuildFileExceptionSet section */

/* Begin PBXFileSystemSynchronizedRootGroup section */
		AEE361CA2CF9363700B1E4A6 /* UIKitPlayground */ = {
			isa = PBXFileSystemSynchronizedRootGroup;
			exceptions = (
				AEE361F02CF9363800B1E4A6 /* Exceptions for "UIKitPlayground" folder in "UIKitPlayground" target */,
			);
			path = UIKitPlayground;
			sourceTree = "<group>";
		};
		AEE361E12CF9363800B1E4A6 /* UIKitPlaygroundTests */ = {
			isa = PBXFileSystemSynchronizedRootGroup;
			path = UIKitPlaygroundTests;
			sourceTree = "<group>";
		};
		AEE361EB2CF9363800B1E4A6 /* UIKitPlaygroundUITests */ = {
			isa = PBXFileSystemSynchronizedRootGroup;
			path = UIKitPlaygroundUITests;
			sourceTree = "<group>";
		};
/* End PBXFileSystemSynchronizedRootGroup section */

/* Begin PBXFrameworksBuildPhase section */
		AEE361C52CF9363700B1E4A6 /* Frameworks */ = {
			isa = PBXFrameworksBuildPhase;
			buildActionMask = 2147483647;
			files = (
			);
			runOnlyForDeploymentPostprocessing = 0;
		};
		AEE361DB2CF9363800B1E4A6 /* Frameworks */ = {
			isa = PBXFrameworksBuildPhase;
			buildActionMask = 2147483647;
			files = (
			);
			runOnlyForDeploymentPostprocessing = 0;
		};
		AEE361E52CF9363800B1E4A6 /* Frameworks */ = {
			isa = PBXFrameworksBuildPhase;
			buildActionMask = 2147483647;
			files = (
			);
			runOnlyForDeploymentPostprocessing = 0;
		};
/* End PBXFrameworksBuildPhase section */

/* Begin PBXGroup section */
		AEE361BF2CF9363700B1E4A6 = {
			isa = PBXGroup;
			children = (
				AEE361CA2CF9363700B1E4A6 /* UIKitPlayground */,
				AEE361E12CF9363800B1E4A6 /* UIKitPlaygroundTests */,
				AEE361EB2CF9363800B1E4A6 /* UIKitPlaygroundUITests */,
				AEE361C92CF9363700B1E4A6 /* Products */,
			);
			sourceTree = "<group>";
		};
		AEE361C92CF9363700B1E4A6 /* Products */ = {
			isa = PBXGroup;
			children = (
				AEE361C82CF9363700B1E4A6 /* UIKitPlayground.app */,
				AEE361DE2CF9363800B1E4A6 /* UIKitPlaygroundTests.xctest */,
				AEE361E82CF9363800B1E4A6 /* UIKitPlaygroundUITests.xctest */,
			);
			name = Products;
			sourceTree = "<group>";
		};
/* End PBXGroup section */

/* Begin PBXNativeTarget section */
		AEE361C72CF9363700B1E4A6 /* UIKitPlayground */ = {
			isa = PBXNativeTarget;
			buildConfigurationList = AEE361F12CF9363800B1E4A6 /* Build configuration list for PBXNativeTarget "UIKitPlayground" */;
			buildPhases = (
				AEE361C42CF9363700B1E4A6 /* Sources */,
				AEE361C52CF9363700B1E4A6 /* Frameworks */,
				AEE361C62CF9363700B1E4A6 /* Resources */,
			);
			buildRules = (
			);
			dependencies = (
			);
			fileSystemSynchronizedGroups = (
				AEE361CA2CF9363700B1E4A6 /* UIKitPlayground */,
			);
			name = UIKitPlayground;
			packageProductDependencies = (
			);
			productName = UIKitPlayground;
			productReference = AEE361C82CF9363700B1E4A6 /* UIKitPlayground.app */;
			productType = "com.apple.product-type.application";
		};
		AEE361DD2CF9363800B1E4A6 /* UIKitPlaygroundTests */ = {
			isa = PBXNativeTarget;
			buildConfigurationList = AEE361F62CF9363800B1E4A6 /* Build configuration list for PBXNativeTarget "UIKitPlaygroundTests" */;
			buildPhases = (
				AEE361DA2CF9363800B1E4A6 /* Sources */,
				AEE361DB2CF9363800B1E4A6 /* Frameworks */,
				AEE361DC2CF9363800B1E4A6 /* Resources */,
			);
			buildRules = (
			);
			dependencies = (
				AEE361E02CF9363800B1E4A6 /* PBXTargetDependency */,
			);
			fileSystemSynchronizedGroups = (
				AEE361E12CF9363800B1E4A6 /* UIKitPlaygroundTests */,
			);
			name = UIKitPlaygroundTests;
			packageProductDependencies = (
			);
			productName = UIKitPlaygroundTests;
			productReference = AEE361DE2CF9363800B1E4A6 /* UIKitPlaygroundTests.xctest */;
			productType = "com.apple.product-type.bundle.unit-test";
		};
		AEE361E72CF9363800B1E4A6 /* UIKitPlaygroundUITests */ = {
			isa = PBXNativeTarget;
			buildConfigurationList = AEE361F92CF9363800B1E4A6 /* Build configuration list for PBXNativeTarget "UIKitPlaygroundUITests" */;
			buildPhases = (
				AEE361E42CF9363800B1E4A6 /* Sources */,
				AEE361E52CF9363800B1E4A6 /* Frameworks */,
				AEE361E62CF9363800B1E4A6 /* Resources */,
			);
			buildRules = (
			);
			dependencies = (
				AEE361EA2CF9363800B1E4A6 /* PBXTargetDependency */,
			);
			fileSystemSynchronizedGroups = (
				AEE361EB2CF9363800B1E4A6 /* UIKitPlaygroundUITests */,
			);
			name = UIKitPlaygroundUITests;
			packageProductDependencies = (
			);
			productName = UIKitPlaygroundUITests;
			productReference = AEE361E82CF9363800B1E4A6 /* UIKitPlaygroundUITests.xctest */;
			productType = "com.apple.product-type.bundle.ui-testing";
		};
/* End PBXNativeTarget section */

/* Begin PBXProject section */
		AEE361C02CF9363700B1E4A6 /* Project object */ = {
			isa = PBXProject;
			attributes = {
				BuildIndependentTargetsInParallel = 1;
				LastSwiftUpdateCheck = 1610;
				LastUpgradeCheck = 1610;
				TargetAttributes = {
					AEE361C72CF9363700B1E4A6 = {
						CreatedOnToolsVersion = 16.1;
					};
					AEE361DD2CF9363800B1E4A6 = {
						CreatedOnToolsVersion = 16.1;
						TestTargetID = AEE361C72CF9363700B1E4A6;
					};
					AEE361E72CF9363800B1E4A6 = {
						CreatedOnToolsVersion = 16.1;
						TestTargetID = AEE361C72CF9363700B1E4A6;
					};
				};
			};
			buildConfigurationList = AEE361C32CF9363700B1E4A6 /* Build configuration list for PBXProject "UIKitPlayground" */;
			developmentRegion = en;
			hasScannedForEncodings = 0;
			knownRegions = (
				en,
				Base,
			);
			mainGroup = AEE361BF2CF9363700B1E4A6;
			minimizedProjectReferenceProxies = 1;
			preferredProjectObjectVersion = 77;
			productRefGroup = AEE361C92CF9363700B1E4A6 /* Products */;
			projectDirPath = "";
			projectRoot = "";
			targets = (
				AEE361C72CF9363700B1E4A6 /* UIKitPlayground */,
				AEE361DD2CF9363800B1E4A6 /* UIKitPlaygroundTests */,
				AEE361E72CF9363800B1E4A6 /* UIKitPlaygroundUITests */,
			);
		};
/* End PBXProject section */

/* Begin PBXResourcesBuildPhase section */
		AEE361C62CF9363700B1E4A6 /* Resources */ = {
			isa = PBXResourcesBuildPhase;
			buildActionMask = 2147483647;
			files = (
			);
			runOnlyForDeploymentPostprocessing = 0;
		};
		AEE361DC2CF9363800B1E4A6 /* Resources */ = {
			isa = PBXResourcesBuildPhase;
			buildActionMask = 2147483647;
			files = (
			);
			runOnlyForDeploymentPostprocessing = 0;
		};
		AEE361E62CF9363800B1E4A6 /* Resources */ = {
			isa = PBXResourcesBuildPhase;
			buildActionMask = 2147483647;
			files = (
			);
			runOnlyForDeploymentPostprocessing = 0;
		};
/* End PBXResourcesBuildPhase section */

/* Begin PBXSourcesBuildPhase section */
		AEE361C42CF9363700B1E4A6 /* Sources */ = {
			isa = PBXSourcesBuildPhase;
			buildActionMask = 2147483647;
			files = (
			);
			runOnlyForDeploymentPostprocessing = 0;
		};
		AEE361DA2CF9363800B1E4A6 /* Sources */ = {
			isa = PBXSourcesBuildPhase;
			buildActionMask = 2147483647;
			files = (
			);
			runOnlyForDeploymentPostprocessing = 0;
		};
		AEE361E42CF9363800B1E4A6 /* Sources */ = {
			isa = PBXSourcesBuildPhase;
			buildActionMask = 2147483647;
			files = (
			);
			runOnlyForDeploymentPostprocessing = 0;
		};
/* End PBXSourcesBuildPhase section */

/* Begin PBXTargetDependency section */
		AEE361E02CF9363800B1E4A6 /* PBXTargetDependency */ = {
			isa = PBXTargetDependency;
			target = AEE361C72CF9363700B1E4A6 /* UIKitPlayground */;
			targetProxy = AEE361DF2CF9363800B1E4A6 /* PBXContainerItemProxy */;
		};
		AEE361EA2CF9363800B1E4A6 /* PBXTargetDependency */ = {
			isa = PBXTargetDependency;
			target = AEE361C72CF9363700B1E4A6 /* UIKitPlayground */;
			targetProxy = AEE361E92CF9363800B1E4A6 /* PBXContainerItemProxy */;
		};
/* End PBXTargetDependency section */

/* Begin XCBuildConfiguration section */
		AEE361F22CF9363800B1E4A6 /* Debug */ = {
			isa = XCBuildConfiguration;
			buildSettings = {
				ASSETCATALOG_COMPILER_APPICON_NAME = AppIcon;
				ASSETCATALOG_COMPILER_GLOBAL_ACCENT_COLOR_NAME = AccentColor;
				CODE_SIGN_STYLE = Automatic;
				CURRENT_PROJECT_VERSION = 1;
				DEVELOPMENT_TEAM = 87YP4F64MU;
				GENERATE_INFOPLIST_FILE = YES;
				INFOPLIST_FILE = UIKitPlayground/Info.plist;
				INFOPLIST_KEY_UIApplicationSupportsIndirectInputEvents = YES;
				INFOPLIST_KEY_UILaunchStoryboardName = LaunchScreen;
				INFOPLIST_KEY_UIMainStoryboardFile = Main;
				INFOPLIST_KEY_UISupportedInterfaceOrientations_iPad = "UIInterfaceOrientationPortrait UIInterfaceOrientationPortraitUpsideDown UIInterfaceOrientationLandscapeLeft UIInterfaceOrientationLandscapeRight";
				INFOPLIST_KEY_UISupportedInterfaceOrientations_iPhone = "UIInterfaceOrientationPortrait UIInterfaceOrientationLandscapeLeft UIInterfaceOrientationLandscapeRight";
				LD_RUNPATH_SEARCH_PATHS = (
					"$(inherited)",
					"@executable_path/Frameworks",
				);
				MARKETING_VERSION = 1.0;
				PRODUCT_BUNDLE_IDENTIFIER = io.clooney.playground.UIKitPlayground;
				PRODUCT_NAME = "$(TARGET_NAME)";
				SWIFT_EMIT_LOC_STRINGS = YES;
				SWIFT_VERSION = 5.0;
				TARGETED_DEVICE_FAMILY = "1,2";
			};
			name = Debug;
		};
		AEE361F32CF9363800B1E4A6 /* Release */ = {
			isa = XCBuildConfiguration;
			buildSettings = {
				ASSETCATALOG_COMPILER_APPICON_NAME = AppIcon;
				ASSETCATALOG_COMPILER_GLOBAL_ACCENT_COLOR_NAME = AccentColor;
				CODE_SIGN_STYLE = Automatic;
				CURRENT_PROJECT_VERSION = 1;
				DEVELOPMENT_TEAM = 87YP4F64MU;
				GENERATE_INFOPLIST_FILE = YES;
				INFOPLIST_FILE = UIKitPlayground/Info.plist;
				INFOPLIST_KEY_UIApplicationSupportsIndirectInputEvents = YES;
				INFOPLIST_KEY_UILaunchStoryboardName = LaunchScreen;
				INFOPLIST_KEY_UIMainStoryboardFile = Main;
				INFOPLIST_KEY_UISupportedInterfaceOrientations_iPad = "UIInterfaceOrientationPortrait UIInterfaceOrientationPortraitUpsideDown UIInterfaceOrientationLandscapeLeft UIInterfaceOrientationLandscapeRight";
				INFOPLIST_KEY_UISupportedInterfaceOrientations_iPhone = "UIInterfaceOrientationPortrait UIInterfaceOrientationLandscapeLeft UIInterfaceOrientationLandscapeRight";
				LD_RUNPATH_SEARCH_PATHS = (
					"$(inherited)",
					"@executable_path/Frameworks",
				);
				MARKETING_VERSION = 1.0;
				PRODUCT_BUNDLE_IDENTIFIER = io.clooney.playground.UIKitPlayground;
				PRODUCT_NAME = "$(TARGET_NAME)";
				SWIFT_EMIT_LOC_STRINGS = YES;
				SWIFT_VERSION = 5.0;
				TARGETED_DEVICE_FAMILY = "1,2";
			};
			name = Release;
		};
		AEE361F42CF9363800B1E4A6 /* Debug */ = {
			isa = XCBuildConfiguration;
			buildSettings = {
				ALWAYS_SEARCH_USER_PATHS = NO;
				ASSETCATALOG_COMPILER_GENERATE_SWIFT_ASSET_SYMBOL_EXTENSIONS = YES;
				CLANG_ANALYZER_NONNULL = YES;
				CLANG_ANALYZER_NUMBER_OBJECT_CONVERSION = YES_AGGRESSIVE;
				CLANG_CXX_LANGUAGE_STANDARD = "gnu++20";
				CLANG_ENABLE_MODULES = YES;
				CLANG_ENABLE_OBJC_ARC = YES;
				CLANG_ENABLE_OBJC_WEAK = YES;
				CLANG_WARN_BLOCK_CAPTURE_AUTORELEASING = YES;
				CLANG_WARN_BOOL_CONVERSION = YES;
				CLANG_WARN_COMMA = YES;
				CLANG_WARN_CONSTANT_CONVERSION = YES;
				CLANG_WARN_DEPRECATED_OBJC_IMPLEMENTATIONS = YES;
				CLANG_WARN_DIRECT_OBJC_ISA_USAGE = YES_ERROR;
				CLANG_WARN_DOCUMENTATION_COMMENTS = YES;
				CLANG_WARN_EMPTY_BODY = YES;
				CLANG_WARN_ENUM_CONVERSION = YES;
				CLANG_WARN_INFINITE_RECURSION = YES;
				CLANG_WARN_INT_CONVERSION = YES;
				CLANG_WARN_NON_LITERAL_NULL_CONVERSION = YES;
				CLANG_WARN_OBJC_IMPLICIT_RETAIN_SELF = YES;
				CLANG_WARN_OBJC_LITERAL_CONVERSION = YES;
				CLANG_WARN_OBJC_ROOT_CLASS = YES_ERROR;
				CLANG_WARN_QUOTED_INCLUDE_IN_FRAMEWORK_HEADER = YES;
				CLANG_WARN_RANGE_LOOP_ANALYSIS = YES;
				CLANG_WARN_STRICT_PROTOTYPES = YES;
				CLANG_WARN_SUSPICIOUS_MOVE = YES;
				CLANG_WARN_UNGUARDED_AVAILABILITY = YES_AGGRESSIVE;
				CLANG_WARN_UNREACHABLE_CODE = YES;
				CLANG_WARN__DUPLICATE_METHOD_MATCH = YES;
				COPY_PHASE_STRIP = NO;
				DEBUG_INFORMATION_FORMAT = dwarf;
				ENABLE_STRICT_OBJC_MSGSEND = YES;
				ENABLE_TESTABILITY = YES;
				ENABLE_USER_SCRIPT_SANDBOXING = YES;
				GCC_C_LANGUAGE_STANDARD = gnu17;
				GCC_DYNAMIC_NO_PIC = NO;
				GCC_NO_COMMON_BLOCKS = YES;
				GCC_OPTIMIZATION_LEVEL = 0;
				GCC_PREPROCESSOR_DEFINITIONS = (
					"DEBUG=1",
					"$(inherited)",
				);
				GCC_WARN_64_TO_32_BIT_CONVERSION = YES;
				GCC_WARN_ABOUT_RETURN_TYPE = YES_ERROR;
				GCC_WARN_UNDECLARED_SELECTOR = YES;
				GCC_WARN_UNINITIALIZED_AUTOS = YES_AGGRESSIVE;
				GCC_WARN_UNUSED_FUNCTION = YES;
				GCC_WARN_UNUSED_VARIABLE = YES;
				IPHONEOS_DEPLOYMENT_TARGET = 18.1;
				LOCALIZATION_PREFERS_STRING_CATALOGS = YES;
				MTL_ENABLE_DEBUG_INFO = INCLUDE_SOURCE;
				MTL_FAST_MATH = YES;
				ONLY_ACTIVE_ARCH = YES;
				SDKROOT = iphoneos;
				SWIFT_ACTIVE_COMPILATION_CONDITIONS = "DEBUG $(inherited)";
				SWIFT_OPTIMIZATION_LEVEL = "-Onone";
			};
			name = Debug;
		};
		AEE361F52CF9363800B1E4A6 /* Release */ = {
			isa = XCBuildConfiguration;
			buildSettings = {
				ALWAYS_SEARCH_USER_PATHS = NO;
				ASSETCATALOG_COMPILER_GENERATE_SWIFT_ASSET_SYMBOL_EXTENSIONS = YES;
				CLANG_ANALYZER_NONNULL = YES;
				CLANG_ANALYZER_NUMBER_OBJECT_CONVERSION = YES_AGGRESSIVE;
				CLANG_CXX_LANGUAGE_STANDARD = "gnu++20";
				CLANG_ENABLE_MODULES = YES;
				CLANG_ENABLE_OBJC_ARC = YES;
				CLANG_ENABLE_OBJC_WEAK = YES;
				CLANG_WARN_BLOCK_CAPTURE_AUTORELEASING = YES;
				CLANG_WARN_BOOL_CONVERSION = YES;
				CLANG_WARN_COMMA = YES;
				CLANG_WARN_CONSTANT_CONVERSION = YES;
				CLANG_WARN_DEPRECATED_OBJC_IMPLEMENTATIONS = YES;
				CLANG_WARN_DIRECT_OBJC_ISA_USAGE = YES_ERROR;
				CLANG_WARN_DOCUMENTATION_COMMENTS = YES;
				CLANG_WARN_EMPTY_BODY = YES;
				CLANG_WARN_ENUM_CONVERSION = YES;
				CLANG_WARN_INFINITE_RECURSION = YES;
				CLANG_WARN_INT_CONVERSION = YES;
				CLANG_WARN_NON_LITERAL_NULL_CONVERSION = YES;
				CLANG_WARN_OBJC_IMPLICIT_RETAIN_SELF = YES;
				CLANG_WARN_OBJC_LITERAL_CONVERSION = YES;
				CLANG_WARN_OBJC_ROOT_CLASS = YES_ERROR;
				CLANG_WARN_QUOTED_INCLUDE_IN_FRAMEWORK_HEADER = YES;
				CLANG_WARN_RANGE_LOOP_ANALYSIS = YES;
				CLANG_WARN_STRICT_PROTOTYPES = YES;
				CLANG_WARN_SUSPICIOUS_MOVE = YES;
				CLANG_WARN_UNGUARDED_AVAILABILITY = YES_AGGRESSIVE;
				CLANG_WARN_UNREACHABLE_CODE = YES;
				CLANG_WARN__DUPLICATE_METHOD_MATCH = YES;
				COPY_PHASE_STRIP = NO;
				DEBUG_INFORMATION_FORMAT = "dwarf-with-dsym";
				ENABLE_NS_ASSERTIONS = NO;
				ENABLE_STRICT_OBJC_MSGSEND = YES;
				ENABLE_USER_SCRIPT_SANDBOXING = YES;
				GCC_C_LANGUAGE_STANDARD = gnu17;
				GCC_NO_COMMON_BLOCKS = YES;
				GCC_WARN_64_TO_32_BIT_CONVERSION = YES;
				GCC_WARN_ABOUT_RETURN_TYPE = YES_ERROR;
				GCC_WARN_UNDECLARED_SELECTOR = YES;
				GCC_WARN_UNINITIALIZED_AUTOS = YES_AGGRESSIVE;
				GCC_WARN_UNUSED_FUNCTION = YES;
				GCC_WARN_UNUSED_VARIABLE = YES;
				IPHONEOS_DEPLOYMENT_TARGET = 18.1;
				LOCALIZATION_PREFERS_STRING_CATALOGS = YES;
				MTL_ENABLE_DEBUG_INFO = NO;
				MTL_FAST_MATH = YES;
				SDKROOT = iphoneos;
				SWIFT_COMPILATION_MODE = wholemodule;
				VALIDATE_PRODUCT = YES;
			};
			name = Release;
		};
		AEE361F72CF9363800B1E4A6 /* Debug */ = {
			isa = XCBuildConfiguration;
			buildSettings = {
				BUNDLE_LOADER = "$(TEST_HOST)";
				CODE_SIGN_STYLE = Automatic;
				CURRENT_PROJECT_VERSION = 1;
				DEVELOPMENT_TEAM = 87YP4F64MU;
				GENERATE_INFOPLIST_FILE = YES;
				IPHONEOS_DEPLOYMENT_TARGET = 18.1;
				MARKETING_VERSION = 1.0;
				PRODUCT_BUNDLE_IDENTIFIER = io.clooney.playground.UIKitPlaygroundTests;
				PRODUCT_NAME = "$(TARGET_NAME)";
				SWIFT_EMIT_LOC_STRINGS = NO;
				SWIFT_VERSION = 5.0;
				TARGETED_DEVICE_FAMILY = "1,2";
				TEST_HOST = "$(BUILT_PRODUCTS_DIR)/UIKitPlayground.app/$(BUNDLE_EXECUTABLE_FOLDER_PATH)/UIKitPlayground";
			};
			name = Debug;
		};
		AEE361F82CF9363800B1E4A6 /* Release */ = {
			isa = XCBuildConfiguration;
			buildSettings = {
				BUNDLE_LOADER = "$(TEST_HOST)";
				CODE_SIGN_STYLE = Automatic;
				CURRENT_PROJECT_VERSION = 1;
				DEVELOPMENT_TEAM = 87YP4F64MU;
				GENERATE_INFOPLIST_FILE = YES;
				IPHONEOS_DEPLOYMENT_TARGET = 18.1;
				MARKETING_VERSION = 1.0;
				PRODUCT_BUNDLE_IDENTIFIER = io.clooney.playground.UIKitPlaygroundTests;
				PRODUCT_NAME = "$(TARGET_NAME)";
				SWIFT_EMIT_LOC_STRINGS = NO;
				SWIFT_VERSION = 5.0;
				TARGETED_DEVICE_FAMILY = "1,2";
				TEST_HOST = "$(BUILT_PRODUCTS_DIR)/UIKitPlayground.app/$(BUNDLE_EXECUTABLE_FOLDER_PATH)/UIKitPlayground";
			};
			name = Release;
		};
		AEE361FA2CF9363800B1E4A6 /* Debug */ = {
			isa = XCBuildConfiguration;
			buildSettings = {
				CODE_SIGN_STYLE = Automatic;
				CURRENT_PROJECT_VERSION = 1;
				DEVELOPMENT_TEAM = 87YP4F64MU;
				GENERATE_INFOPLIST_FILE = YES;
				MARKETING_VERSION = 1.0;
				PRODUCT_BUNDLE_IDENTIFIER = io.clooney.playground.UIKitPlaygroundUITests;
				PRODUCT_NAME = "$(TARGET_NAME)";
				SWIFT_EMIT_LOC_STRINGS = NO;
				SWIFT_VERSION = 5.0;
				TARGETED_DEVICE_FAMILY = "1,2";
				TEST_TARGET_NAME = UIKitPlayground;
			};
			name = Debug;
		};
		AEE361FB2CF9363800B1E4A6 /* Release */ = {
			isa = XCBuildConfiguration;
			buildSettings = {
				CODE_SIGN_STYLE = Automatic;
				CURRENT_PROJECT_VERSION = 1;
				DEVELOPMENT_TEAM = 87YP4F64MU;
				GENERATE_INFOPLIST_FILE = YES;
				MARKETING_VERSION = 1.0;
				PRODUCT_BUNDLE_IDENTIFIER = io.clooney.playground.UIKitPlaygroundUITests;
				PRODUCT_NAME = "$(TARGET_NAME)";
				SWIFT_EMIT_LOC_STRINGS = NO;
				SWIFT_VERSION = 5.0;
				TARGETED_DEVICE_FAMILY = "1,2";
				TEST_TARGET_NAME = UIKitPlayground;
			};
			name = Release;
		};
/* End XCBuildConfiguration section */

/* Begin XCConfigurationList section */
		AEE361C32CF9363700B1E4A6 /* Build configuration list for PBXProject "UIKitPlayground" */ = {
			isa = XCConfigurationList;
			buildConfigurations = (
				AEE361F42CF9363800B1E4A6 /* Debug */,
				AEE361F52CF9363800B1E4A6 /* Release */,
			);
			defaultConfigurationIsVisible = 0;
			defaultConfigurationName = Release;
		};
		AEE361F12CF9363800B1E4A6 /* Build configuration list for PBXNativeTarget "UIKitPlayground" */ = {
			isa = XCConfigurationList;
			buildConfigurations = (
				AEE361F22CF9363800B1E4A6 /* Debug */,
				AEE361F32CF9363800B1E4A6 /* Release */,
			);
			defaultConfigurationIsVisible = 0;
			defaultConfigurationName = Release;
		};
		AEE361F62CF9363800B1E4A6 /* Build configuration list for PBXNativeTarget "UIKitPlaygroundTests" */ = {
			isa = XCConfigurationList;
			buildConfigurations = (
				AEE361F72CF9363800B1E4A6 /* Debug */,
				AEE361F82CF9363800B1E4A6 /* Release */,
			);
			defaultConfigurationIsVisible = 0;
			defaultConfigurationName = Release;
		};
		AEE361F92CF9363800B1E4A6 /* Build configuration list for PBXNativeTarget "UIKitPlaygroundUITests" */ = {
			isa = XCConfigurationList;
			buildConfigurations = (
				AEE361FA2CF9363800B1E4A6 /* Debug */,
				AEE361FB2CF9363800B1E4A6 /* Release */,
			);
			defaultConfigurationIsVisible = 0;
			defaultConfigurationName = Release;
		};
/* End XCConfigurationList section */
	};
	rootObject = AEE361C02CF9363700B1E4A6 /* Project object */;
}
